
Microsoft Visual Studio Solution File, Format Version 12.00
# Visual Studio 15
VisualStudioVersion = 15.0.27004.2005
MinimumVisualStudioVersion = 10.0.40219.1
Project("{FAE04EC0-301F-11D3-BF4B-00C04F79EFBC}") = "oFormsAPI", "oFormsAPI\oFormsAPI.csproj", "{FA6158A5-4DEC-43A1-A5D1-922903F4D8D3}"
EndProject
Global
	GlobalSection(SolutionConfigurationPlatforms) = preSolution
		Debug|Any CPU = Debug|Any CPU
		Release|Any CPU = Release|Any CPU
	EndGlobalSection
	GlobalSection(ProjectConfigurationPlatforms) = postSolution
		{FA6158A5-4DEC-43A1-A5D1-922903F4D8D3}.Debug|Any CPU.ActiveCfg = Debug|Any CPU
		{FA6158A5-4DEC-43A1-A5D1-922903F4D8D3}.Debug|Any CPU.Build.0 = Debug|Any CPU
		{FA6158A5-4DEC-43A1-A5D1-922903F4D8D3}.Release|Any CPU.ActiveCfg = Release|Any CPU
		{FA6158A5-4DEC-43A1-A5D1-922903F4D8D3}.Release|Any CPU.Build.0 = Release|Any CPU
	EndGlobalSection
	GlobalSection(SolutionProperties) = preSolution
		HideSolutionNode = FALSE
	EndGlobalSection
	GlobalSection(ExtensibilityGlobals) = postSolution
		SolutionGuid = {3902760C-709D-4167-83C3-FF44615EC352}
	EndGlobalSection
EndGlobal
